
Microsoft Visual Studio Solution File, Format Version 12.00
Project("{FAE04EC0-301F-11D3-BF4B-00C04F79EFBC}") = "vhdl-generator", "vhdl-generator\vhdl-generator.csproj", "{6ADF3552-9467-4267-9FB7-99CAF70167AF}"
EndProject
Global
	GlobalSection(SolutionConfigurationPlatforms) = preSolution
		Debug|Any CPU = Debug|Any CPU
		Release|Any CPU = Release|Any CPU
	EndGlobalSection
	GlobalSection(ProjectConfigurationPlatforms) = postSolution
		{6ADF3552-9467-4267-9FB7-99CAF70167AF}.Debug|Any CPU.ActiveCfg = Debug|Any CPU
		{6ADF3552-9467-4267-9FB7-99CAF70167AF}.Debug|Any CPU.Build.0 = Debug|Any CPU
		{6ADF3552-9467-4267-9FB7-99CAF70167AF}.Release|Any CPU.ActiveCfg = Release|Any CPU
		{6ADF3552-9467-4267-9FB7-99CAF70167AF}.Release|Any CPU.Build.0 = Release|Any CPU
	EndGlobalSection
EndGlobal
